// !$*UTF8*$!
{
	archiveVersion = 1;
	classes = {
	};
	objectVersion = 56;
	objects = {

/* Begin PBXBuildFile section */
		2607FB752B841B73000F2F1B /* Localizable.xcstrings in Resources */ = {isa = PBXBuildFile; fileRef = 2607FB742B841B73000F2F1B /* Localizable.xcstrings */; };
		2607FB772B841D02000F2F1B /* LocalizationKeys.swift in Sources */ = {isa = PBXBuildFile; fileRef = 2607FB762B841D02000F2F1B /* LocalizationKeys.swift */; };
		26CB24E32B8132AA0018307B /* AppDelegate.swift in Sources */ = {isa = PBXBuildFile; fileRef = 26CB24E22B8132AA0018307B /* AppDelegate.swift */; };
		26CB24E52B8132AA0018307B /* SceneDelegate.swift in Sources */ = {isa = PBXBuildFile; fileRef = 26CB24E42B8132AA0018307B /* SceneDelegate.swift */; };
		26CB24E72B8132AA0018307B /* MapViewController.swift in Sources */ = {isa = PBXBuildFile; fileRef = 26CB24E62B8132AA0018307B /* MapViewController.swift */; };
		26CB24EA2B8132AA0018307B /* Main.storyboard in Resources */ = {isa = PBXBuildFile; fileRef = 26CB24E82B8132AA0018307B /* Main.storyboard */; };
		26CB24EC2B8132AB0018307B /* Assets.xcassets in Resources */ = {isa = PBXBuildFile; fileRef = 26CB24EB2B8132AB0018307B /* Assets.xcassets */; };
		26CB24EF2B8132AB0018307B /* LaunchScreen.storyboard in Resources */ = {isa = PBXBuildFile; fileRef = 26CB24ED2B8132AB0018307B /* LaunchScreen.storyboard */; };
		26CB24F82B8146DD0018307B /* DefaultLocationService.swift in Sources */ = {isa = PBXBuildFile; fileRef = 26CB24F72B8146DD0018307B /* DefaultLocationService.swift */; };
		26CB24FA2B817A830018307B /* LocationService.swift in Sources */ = {isa = PBXBuildFile; fileRef = 26CB24F92B817A830018307B /* LocationService.swift */; };
		26CB25072B828D7A0018307B /* MapViewModel.swift in Sources */ = {isa = PBXBuildFile; fileRef = 26CB25062B828D7A0018307B /* MapViewModel.swift */; };
		26D991832B829D8900161745 /* Injection.swift in Sources */ = {isa = PBXBuildFile; fileRef = 26D991822B829D8900161745 /* Injection.swift */; };
		26D991882B829DD900161745 /* Swinject in Frameworks */ = {isa = PBXBuildFile; productRef = 26D991872B829DD900161745 /* Swinject */; };
		26D9918B2B82D4C300161745 /* Persisted.swift in Sources */ = {isa = PBXBuildFile; fileRef = 26D9918A2B82D4C300161745 /* Persisted.swift */; };
		26D9918E2B836F5F00161745 /* Constants.swift in Sources */ = {isa = PBXBuildFile; fileRef = 26D9918D2B836F5F00161745 /* Constants.swift */; };
/* End PBXBuildFile section */

/* Begin PBXFileReference section */
		2607FB742B841B73000F2F1B /* Localizable.xcstrings */ = {isa = PBXFileReference; lastKnownFileType = text.json.xcstrings; path = Localizable.xcstrings; sourceTree = "<group>"; };
		2607FB762B841D02000F2F1B /* LocalizationKeys.swift */ = {isa = PBXFileReference; lastKnownFileType = sourcecode.swift; path = LocalizationKeys.swift; sourceTree = "<group>"; };
		26CB24DF2B8132AA0018307B /* TrackLocation.app */ = {isa = PBXFileReference; explicitFileType = wrapper.application; includeInIndex = 0; path = TrackLocation.app; sourceTree = BUILT_PRODUCTS_DIR; };
		26CB24E22B8132AA0018307B /* AppDelegate.swift */ = {isa = PBXFileReference; lastKnownFileType = sourcecode.swift; path = AppDelegate.swift; sourceTree = "<group>"; };
		26CB24E42B8132AA0018307B /* SceneDelegate.swift */ = {isa = PBXFileReference; lastKnownFileType = sourcecode.swift; path = SceneDelegate.swift; sourceTree = "<group>"; };
		26CB24E62B8132AA0018307B /* MapViewController.swift */ = {isa = PBXFileReference; lastKnownFileType = sourcecode.swift; path = MapViewController.swift; sourceTree = "<group>"; };
		26CB24E92B8132AA0018307B /* Base */ = {isa = PBXFileReference; lastKnownFileType = file.storyboard; name = Base; path = Base.lproj/Main.storyboard; sourceTree = "<group>"; };
		26CB24EB2B8132AB0018307B /* Assets.xcassets */ = {isa = PBXFileReference; lastKnownFileType = folder.assetcatalog; path = Assets.xcassets; sourceTree = "<group>"; };
		26CB24EE2B8132AB0018307B /* Base */ = {isa = PBXFileReference; lastKnownFileType = file.storyboard; name = Base; path = Base.lproj/LaunchScreen.storyboard; sourceTree = "<group>"; };
		26CB24F02B8132AB0018307B /* Info.plist */ = {isa = PBXFileReference; lastKnownFileType = text.plist.xml; path = Info.plist; sourceTree = "<group>"; };
		26CB24F72B8146DD0018307B /* DefaultLocationService.swift */ = {isa = PBXFileReference; lastKnownFileType = sourcecode.swift; path = DefaultLocationService.swift; sourceTree = "<group>"; };
		26CB24F92B817A830018307B /* LocationService.swift */ = {isa = PBXFileReference; lastKnownFileType = sourcecode.swift; path = LocationService.swift; sourceTree = "<group>"; };
		26CB25062B828D7A0018307B /* MapViewModel.swift */ = {isa = PBXFileReference; lastKnownFileType = sourcecode.swift; path = MapViewModel.swift; sourceTree = "<group>"; };
		26D991822B829D8900161745 /* Injection.swift */ = {isa = PBXFileReference; lastKnownFileType = sourcecode.swift; path = Injection.swift; sourceTree = "<group>"; };
		26D9918A2B82D4C300161745 /* Persisted.swift */ = {isa = PBXFileReference; lastKnownFileType = sourcecode.swift; path = Persisted.swift; sourceTree = "<group>"; };
		26D9918D2B836F5F00161745 /* Constants.swift */ = {isa = PBXFileReference; lastKnownFileType = sourcecode.swift; path = Constants.swift; sourceTree = "<group>"; };
/* End PBXFileReference section */

/* Begin PBXFrameworksBuildPhase section */
		26CB24DC2B8132AA0018307B /* Frameworks */ = {
			isa = PBXFrameworksBuildPhase;
			buildActionMask = 2147483647;
			files = (
				26D991882B829DD900161745 /* Swinject in Frameworks */,
			);
			runOnlyForDeploymentPostprocessing = 0;
		};
/* End PBXFrameworksBuildPhase section */

/* Begin PBXGroup section */
		2607FB732B841B3E000F2F1B /* Localization */ = {
			isa = PBXGroup;
			children = (
				2607FB742B841B73000F2F1B /* Localizable.xcstrings */,
				2607FB762B841D02000F2F1B /* LocalizationKeys.swift */,
			);
			path = Localization;
			sourceTree = "<group>";
		};
		26CB24D62B8132A90018307B = {
			isa = PBXGroup;
			children = (
				26CB24E12B8132AA0018307B /* TrackLocation */,
				26CB24E02B8132AA0018307B /* Products */,
			);
			sourceTree = "<group>";
		};
		26CB24E02B8132AA0018307B /* Products */ = {
			isa = PBXGroup;
			children = (
				26CB24DF2B8132AA0018307B /* TrackLocation.app */,
			);
			name = Products;
			sourceTree = "<group>";
		};
		26CB24E12B8132AA0018307B /* TrackLocation */ = {
			isa = PBXGroup;
			children = (
				26CB24FC2B827D660018307B /* Delegates */,
				26CB24FE2B827DC90018307B /* Storyboards */,
				26CB24FF2B827DD50018307B /* Map */,
				26CB25012B827E010018307B /* Services */,
				26D991802B829D6A00161745 /* Utilities */,
				26D9918C2B836F4900161745 /* Constants */,
				2607FB732B841B3E000F2F1B /* Localization */,
				26CB24FB2B827D4A0018307B /* SupportingFiles */,
			);
			path = TrackLocation;
			sourceTree = "<group>";
		};
		26CB24FB2B827D4A0018307B /* SupportingFiles */ = {
			isa = PBXGroup;
			children = (
				26CB24EB2B8132AB0018307B /* Assets.xcassets */,
				26CB24F02B8132AB0018307B /* Info.plist */,
			);
			path = SupportingFiles;
			sourceTree = "<group>";
		};
		26CB24FC2B827D660018307B /* Delegates */ = {
			isa = PBXGroup;
			children = (
				26CB24E22B8132AA0018307B /* AppDelegate.swift */,
				26CB24E42B8132AA0018307B /* SceneDelegate.swift */,
			);
			path = Delegates;
			sourceTree = "<group>";
		};
		26CB24FE2B827DC90018307B /* Storyboards */ = {
			isa = PBXGroup;
			children = (
				26CB24E82B8132AA0018307B /* Main.storyboard */,
				26CB24ED2B8132AB0018307B /* LaunchScreen.storyboard */,
			);
			path = Storyboards;
			sourceTree = "<group>";
		};
		26CB24FF2B827DD50018307B /* Map */ = {
			isa = PBXGroup;
			children = (
				26CB25042B827EAB0018307B /* Views */,
				26CB25052B827EB60018307B /* ViewModels */,
			);
			path = Map;
			sourceTree = "<group>";
		};
		26CB25002B827DF40018307B /* ViewControllers */ = {
			isa = PBXGroup;
			children = (
				26CB24E62B8132AA0018307B /* MapViewController.swift */,
			);
			path = ViewControllers;
			sourceTree = "<group>";
		};
		26CB25012B827E010018307B /* Services */ = {
			isa = PBXGroup;
			children = (
				26CB25022B827E0A0018307B /* LocationService */,
			);
			path = Services;
			sourceTree = "<group>";
		};
		26CB25022B827E0A0018307B /* LocationService */ = {
			isa = PBXGroup;
			children = (
				26CB24F92B817A830018307B /* LocationService.swift */,
				26CB24F72B8146DD0018307B /* DefaultLocationService.swift */,
			);
			path = LocationService;
			sourceTree = "<group>";
		};
		26CB25042B827EAB0018307B /* Views */ = {
			isa = PBXGroup;
			children = (
				26CB25002B827DF40018307B /* ViewControllers */,
			);
			path = Views;
			sourceTree = "<group>";
		};
		26CB25052B827EB60018307B /* ViewModels */ = {
			isa = PBXGroup;
			children = (
				26CB25062B828D7A0018307B /* MapViewModel.swift */,
			);
			path = ViewModels;
			sourceTree = "<group>";
		};
		26D991802B829D6A00161745 /* Utilities */ = {
			isa = PBXGroup;
			children = (
				26D991812B829D7900161745 /* DI */,
				26D991892B82D49400161745 /* Persistence */,
			);
			path = Utilities;
			sourceTree = "<group>";
		};
		26D991812B829D7900161745 /* DI */ = {
			isa = PBXGroup;
			children = (
				26D991822B829D8900161745 /* Injection.swift */,
			);
			path = DI;
			sourceTree = "<group>";
		};
		26D991892B82D49400161745 /* Persistence */ = {
			isa = PBXGroup;
			children = (
				26D9918A2B82D4C300161745 /* Persisted.swift */,
			);
			path = Persistence;
			sourceTree = "<group>";
		};
		26D9918C2B836F4900161745 /* Constants */ = {
			isa = PBXGroup;
			children = (
				26D9918D2B836F5F00161745 /* Constants.swift */,
			);
			path = Constants;
			sourceTree = "<group>";
		};
/* End PBXGroup section */

/* Begin PBXNativeTarget section */
		26CB24DE2B8132AA0018307B /* TrackLocation */ = {
			isa = PBXNativeTarget;
			buildConfigurationList = 26CB24F32B8132AB0018307B /* Build configuration list for PBXNativeTarget "TrackLocation" */;
			buildPhases = (
				26CB24DB2B8132AA0018307B /* Sources */,
				26CB24DC2B8132AA0018307B /* Frameworks */,
				26CB24DD2B8132AA0018307B /* Resources */,
				26CB24F62B8134960018307B /* ShellScript */,
			);
			buildRules = (
			);
			dependencies = (
			);
			name = TrackLocation;
			packageProductDependencies = (
				26D991872B829DD900161745 /* Swinject */,
			);
			productName = TrackLocation;
			productReference = 26CB24DF2B8132AA0018307B /* TrackLocation.app */;
			productType = "com.apple.product-type.application";
		};
/* End PBXNativeTarget section */

/* Begin PBXProject section */
		26CB24D72B8132A90018307B /* Project object */ = {
			isa = PBXProject;
			attributes = {
				BuildIndependentTargetsInParallel = 1;
				LastSwiftUpdateCheck = 1500;
				LastUpgradeCheck = 1500;
				TargetAttributes = {
					26CB24DE2B8132AA0018307B = {
						CreatedOnToolsVersion = 15.0;
					};
				};
			};
			buildConfigurationList = 26CB24DA2B8132A90018307B /* Build configuration list for PBXProject "TrackLocation" */;
			compatibilityVersion = "Xcode 14.0";
			developmentRegion = en;
			hasScannedForEncodings = 0;
			knownRegions = (
				en,
				Base,
			);
			mainGroup = 26CB24D62B8132A90018307B;
			packageReferences = (
				26D991862B829DD900161745 /* XCRemoteSwiftPackageReference "Swinject" */,
			);
			productRefGroup = 26CB24E02B8132AA0018307B /* Products */;
			projectDirPath = "";
			projectRoot = "";
			targets = (
				26CB24DE2B8132AA0018307B /* TrackLocation */,
			);
		};
/* End PBXProject section */

/* Begin PBXResourcesBuildPhase section */
		26CB24DD2B8132AA0018307B /* Resources */ = {
			isa = PBXResourcesBuildPhase;
			buildActionMask = 2147483647;
			files = (
				26CB24EF2B8132AB0018307B /* LaunchScreen.storyboard in Resources */,
				26CB24EC2B8132AB0018307B /* Assets.xcassets in Resources */,
				2607FB752B841B73000F2F1B /* Localizable.xcstrings in Resources */,
				26CB24EA2B8132AA0018307B /* Main.storyboard in Resources */,
			);
			runOnlyForDeploymentPostprocessing = 0;
		};
/* End PBXResourcesBuildPhase section */

/* Begin PBXShellScriptBuildPhase section */
		26CB24F62B8134960018307B /* ShellScript */ = {
			isa = PBXShellScriptBuildPhase;
			alwaysOutOfDate = 1;
			buildActionMask = 2147483647;
			files = (
			);
			inputFileListPaths = (
			);
			inputPaths = (
			);
			outputFileListPaths = (
			);
			outputPaths = (
			);
			runOnlyForDeploymentPostprocessing = 0;
			shellPath = /bin/sh;
			shellScript = "if [[ \"$(uname -m)\" == arm64 ]]; then\n    export PATH=\"/opt/homebrew/bin:$PATH\"\nfi\n\nif which swiftlint > /dev/null; then\n  swiftlint\nelse\n  echo \"warning: SwiftLint not installed, download from https://github.com/realm/SwiftLint\"\nfi\n";
		};
/* End PBXShellScriptBuildPhase section */

/* Begin PBXSourcesBuildPhase section */
		26CB24DB2B8132AA0018307B /* Sources */ = {
			isa = PBXSourcesBuildPhase;
			buildActionMask = 2147483647;
			files = (
				26D991832B829D8900161745 /* Injection.swift in Sources */,
				26CB24E72B8132AA0018307B /* MapViewController.swift in Sources */,
				2607FB772B841D02000F2F1B /* LocalizationKeys.swift in Sources */,
				26D9918B2B82D4C300161745 /* Persisted.swift in Sources */,
				26CB24E32B8132AA0018307B /* AppDelegate.swift in Sources */,
				26CB24FA2B817A830018307B /* LocationService.swift in Sources */,
				26D9918E2B836F5F00161745 /* Constants.swift in Sources */,
				26CB24F82B8146DD0018307B /* DefaultLocationService.swift in Sources */,
				26CB24E52B8132AA0018307B /* SceneDelegate.swift in Sources */,
				26CB25072B828D7A0018307B /* MapViewModel.swift in Sources */,
			);
			runOnlyForDeploymentPostprocessing = 0;
		};
/* End PBXSourcesBuildPhase section */

/* Begin PBXVariantGroup section */
		26CB24E82B8132AA0018307B /* Main.storyboard */ = {
			isa = PBXVariantGroup;
			children = (
				26CB24E92B8132AA0018307B /* Base */,
			);
			name = Main.storyboard;
			sourceTree = "<group>";
		};
		26CB24ED2B8132AB0018307B /* LaunchScreen.storyboard */ = {
			isa = PBXVariantGroup;
			children = (
				26CB24EE2B8132AB0018307B /* Base */,
			);
			name = LaunchScreen.storyboard;
			sourceTree = "<group>";
		};
/* End PBXVariantGroup section */

/* Begin XCBuildConfiguration section */
		26CB24F12B8132AB0018307B /* Debug */ = {
			isa = XCBuildConfiguration;
			buildSettings = {
				ALWAYS_SEARCH_USER_PATHS = NO;
				ASSETCATALOG_COMPILER_GENERATE_SWIFT_ASSET_SYMBOL_EXTENSIONS = YES;
				CLANG_ANALYZER_NONNULL = YES;
				CLANG_ANALYZER_NUMBER_OBJECT_CONVERSION = YES_AGGRESSIVE;
				CLANG_CXX_LANGUAGE_STANDARD = "gnu++20";
				CLANG_ENABLE_MODULES = YES;
				CLANG_ENABLE_OBJC_ARC = YES;
				CLANG_ENABLE_OBJC_WEAK = YES;
				CLANG_WARN_BLOCK_CAPTURE_AUTORELEASING = YES;
				CLANG_WARN_BOOL_CONVERSION = YES;
				CLANG_WARN_COMMA = YES;
				CLANG_WARN_CONSTANT_CONVERSION = YES;
				CLANG_WARN_DEPRECATED_OBJC_IMPLEMENTATIONS = YES;
				CLANG_WARN_DIRECT_OBJC_ISA_USAGE = YES_ERROR;
				CLANG_WARN_DOCUMENTATION_COMMENTS = YES;
				CLANG_WARN_EMPTY_BODY = YES;
				CLANG_WARN_ENUM_CONVERSION = YES;
				CLANG_WARN_INFINITE_RECURSION = YES;
				CLANG_WARN_INT_CONVERSION = YES;
				CLANG_WARN_NON_LITERAL_NULL_CONVERSION = YES;
				CLANG_WARN_OBJC_IMPLICIT_RETAIN_SELF = YES;
				CLANG_WARN_OBJC_LITERAL_CONVERSION = YES;
				CLANG_WARN_OBJC_ROOT_CLASS = YES_ERROR;
				CLANG_WARN_QUOTED_INCLUDE_IN_FRAMEWORK_HEADER = YES;
				CLANG_WARN_RANGE_LOOP_ANALYSIS = YES;
				CLANG_WARN_STRICT_PROTOTYPES = YES;
				CLANG_WARN_SUSPICIOUS_MOVE = YES;
				CLANG_WARN_UNGUARDED_AVAILABILITY = YES_AGGRESSIVE;
				CLANG_WARN_UNREACHABLE_CODE = YES;
				CLANG_WARN__DUPLICATE_METHOD_MATCH = YES;
				COPY_PHASE_STRIP = NO;
				DEBUG_INFORMATION_FORMAT = dwarf;
				ENABLE_STRICT_OBJC_MSGSEND = YES;
				ENABLE_TESTABILITY = YES;
				ENABLE_USER_SCRIPT_SANDBOXING = YES;
				GCC_C_LANGUAGE_STANDARD = gnu17;
				GCC_DYNAMIC_NO_PIC = NO;
				GCC_NO_COMMON_BLOCKS = YES;
				GCC_OPTIMIZATION_LEVEL = 0;
				GCC_PREPROCESSOR_DEFINITIONS = (
					"DEBUG=1",
					"$(inherited)",
				);
				GCC_WARN_64_TO_32_BIT_CONVERSION = YES;
				GCC_WARN_ABOUT_RETURN_TYPE = YES_ERROR;
				GCC_WARN_UNDECLARED_SELECTOR = YES;
				GCC_WARN_UNINITIALIZED_AUTOS = YES_AGGRESSIVE;
				GCC_WARN_UNUSED_FUNCTION = YES;
				GCC_WARN_UNUSED_VARIABLE = YES;
				IPHONEOS_DEPLOYMENT_TARGET = 17.0;
				LOCALIZATION_PREFERS_STRING_CATALOGS = YES;
				MTL_ENABLE_DEBUG_INFO = INCLUDE_SOURCE;
				MTL_FAST_MATH = YES;
				ONLY_ACTIVE_ARCH = YES;
				SDKROOT = iphoneos;
				SWIFT_ACTIVE_COMPILATION_CONDITIONS = "DEBUG $(inherited)";
				SWIFT_OPTIMIZATION_LEVEL = "-Onone";
			};
			name = Debug;
		};
		26CB24F22B8132AB0018307B /* Release */ = {
			isa = XCBuildConfiguration;
			buildSettings = {
				ALWAYS_SEARCH_USER_PATHS = NO;
				ASSETCATALOG_COMPILER_GENERATE_SWIFT_ASSET_SYMBOL_EXTENSIONS = YES;
				CLANG_ANALYZER_NONNULL = YES;
				CLANG_ANALYZER_NUMBER_OBJECT_CONVERSION = YES_AGGRESSIVE;
				CLANG_CXX_LANGUAGE_STANDARD = "gnu++20";
				CLANG_ENABLE_MODULES = YES;
				CLANG_ENABLE_OBJC_ARC = YES;
				CLANG_ENABLE_OBJC_WEAK = YES;
				CLANG_WARN_BLOCK_CAPTURE_AUTORELEASING = YES;
				CLANG_WARN_BOOL_CONVERSION = YES;
				CLANG_WARN_COMMA = YES;
				CLANG_WARN_CONSTANT_CONVERSION = YES;
				CLANG_WARN_DEPRECATED_OBJC_IMPLEMENTATIONS = YES;
				CLANG_WARN_DIRECT_OBJC_ISA_USAGE = YES_ERROR;
				CLANG_WARN_DOCUMENTATION_COMMENTS = YES;
				CLANG_WARN_EMPTY_BODY = YES;
				CLANG_WARN_ENUM_CONVERSION = YES;
				CLANG_WARN_INFINITE_RECURSION = YES;
				CLANG_WARN_INT_CONVERSION = YES;
				CLANG_WARN_NON_LITERAL_NULL_CONVERSION = YES;
				CLANG_WARN_OBJC_IMPLICIT_RETAIN_SELF = YES;
				CLANG_WARN_OBJC_LITERAL_CONVERSION = YES;
				CLANG_WARN_OBJC_ROOT_CLASS = YES_ERROR;
				CLANG_WARN_QUOTED_INCLUDE_IN_FRAMEWORK_HEADER = YES;
				CLANG_WARN_RANGE_LOOP_ANALYSIS = YES;
				CLANG_WARN_STRICT_PROTOTYPES = YES;
				CLANG_WARN_SUSPICIOUS_MOVE = YES;
				CLANG_WARN_UNGUARDED_AVAILABILITY = YES_AGGRESSIVE;
				CLANG_WARN_UNREACHABLE_CODE = YES;
				CLANG_WARN__DUPLICATE_METHOD_MATCH = YES;
				COPY_PHASE_STRIP = NO;
				DEBUG_INFORMATION_FORMAT = "dwarf-with-dsym";
				ENABLE_NS_ASSERTIONS = NO;
				ENABLE_STRICT_OBJC_MSGSEND = YES;
				ENABLE_USER_SCRIPT_SANDBOXING = YES;
				GCC_C_LANGUAGE_STANDARD = gnu17;
				GCC_NO_COMMON_BLOCKS = YES;
				GCC_WARN_64_TO_32_BIT_CONVERSION = YES;
				GCC_WARN_ABOUT_RETURN_TYPE = YES_ERROR;
				GCC_WARN_UNDECLARED_SELECTOR = YES;
				GCC_WARN_UNINITIALIZED_AUTOS = YES_AGGRESSIVE;
				GCC_WARN_UNUSED_FUNCTION = YES;
				GCC_WARN_UNUSED_VARIABLE = YES;
				IPHONEOS_DEPLOYMENT_TARGET = 17.0;
				LOCALIZATION_PREFERS_STRING_CATALOGS = YES;
				MTL_ENABLE_DEBUG_INFO = NO;
				MTL_FAST_MATH = YES;
				SDKROOT = iphoneos;
				SWIFT_COMPILATION_MODE = wholemodule;
				VALIDATE_PRODUCT = YES;
			};
			name = Release;
		};
		26CB24F42B8132AB0018307B /* Debug */ = {
			isa = XCBuildConfiguration;
			buildSettings = {
				ASSETCATALOG_COMPILER_APPICON_NAME = AppIcon;
				ASSETCATALOG_COMPILER_GLOBAL_ACCENT_COLOR_NAME = AccentColor;
				CODE_SIGN_STYLE = Automatic;
				CURRENT_PROJECT_VERSION = 1;
				DEVELOPMENT_TEAM = 5KXS5M32KB;
				ENABLE_USER_SCRIPT_SANDBOXING = NO;
				GENERATE_INFOPLIST_FILE = YES;
				INFOPLIST_FILE = TrackLocation/SupportingFiles/Info.plist;
				INFOPLIST_KEY_LSApplicationCategoryType = "";
				INFOPLIST_KEY_NSLocationAlwaysAndWhenInUseUsageDescription = "We need to constantly receive information about your location in order to calculate the distance you have traveled.";
				INFOPLIST_KEY_NSLocationWhenInUseUsageDescription = "Your location is used to show your position on the map.";
				INFOPLIST_KEY_UIApplicationSupportsIndirectInputEvents = YES;
				INFOPLIST_KEY_UILaunchStoryboardName = LaunchScreen;
				INFOPLIST_KEY_UIMainStoryboardFile = Main;
				INFOPLIST_KEY_UISupportedInterfaceOrientations_iPad = "UIInterfaceOrientationPortrait UIInterfaceOrientationPortraitUpsideDown UIInterfaceOrientationLandscapeLeft UIInterfaceOrientationLandscapeRight";
				INFOPLIST_KEY_UISupportedInterfaceOrientations_iPhone = "UIInterfaceOrientationPortrait UIInterfaceOrientationLandscapeLeft UIInterfaceOrientationLandscapeRight";
				IPHONEOS_DEPLOYMENT_TARGET = 16.0;
				LD_RUNPATH_SEARCH_PATHS = (
					"$(inherited)",
					"@executable_path/Frameworks",
				);
				MARKETING_VERSION = 1.0;
				PRODUCT_BUNDLE_IDENTIFIER = com.tracklocation.ios;
				PRODUCT_NAME = "$(TARGET_NAME)";
				SUPPORTED_PLATFORMS = "iphoneos iphonesimulator";
				SUPPORTS_MACCATALYST = NO;
				SUPPORTS_MAC_DESIGNED_FOR_IPHONE_IPAD = YES;
				SWIFT_EMIT_LOC_STRINGS = YES;
				SWIFT_VERSION = 5.0;
				TARGETED_DEVICE_FAMILY = "1,2";
			};
			name = Debug;
		};
		26CB24F52B8132AB0018307B /* Release */ = {
			isa = XCBuildConfiguration;
			buildSettings = {
				ASSETCATALOG_COMPILER_APPICON_NAME = AppIcon;
				ASSETCATALOG_COMPILER_GLOBAL_ACCENT_COLOR_NAME = AccentColor;
				CODE_SIGN_STYLE = Automatic;
				CURRENT_PROJECT_VERSION = 1;
				DEVELOPMENT_TEAM = 5KXS5M32KB;
				ENABLE_USER_SCRIPT_SANDBOXING = NO;
				GENERATE_INFOPLIST_FILE = YES;
				INFOPLIST_FILE = TrackLocation/SupportingFiles/Info.plist;
				INFOPLIST_KEY_LSApplicationCategoryType = "";
				INFOPLIST_KEY_NSLocationAlwaysAndWhenInUseUsageDescription = "We need to constantly receive information about your location in order to calculate the distance you have traveled.";
				INFOPLIST_KEY_NSLocationWhenInUseUsageDescription = "Your location is used to show your position on the map.";
				INFOPLIST_KEY_UIApplicationSupportsIndirectInputEvents = YES;
				INFOPLIST_KEY_UILaunchStoryboardName = LaunchScreen;
				INFOPLIST_KEY_UIMainStoryboardFile = Main;
				INFOPLIST_KEY_UISupportedInterfaceOrientations_iPad = "UIInterfaceOrientationPortrait UIInterfaceOrientationPortraitUpsideDown UIInterfaceOrientationLandscapeLeft UIInterfaceOrientationLandscapeRight";
				INFOPLIST_KEY_UISupportedInterfaceOrientations_iPhone = "UIInterfaceOrientationPortrait UIInterfaceOrientationLandscapeLeft UIInterfaceOrientationLandscapeRight";
				IPHONEOS_DEPLOYMENT_TARGET = 16.0;
				LD_RUNPATH_SEARCH_PATHS = (
					"$(inherited)",
					"@executable_path/Frameworks",
				);
				MARKETING_VERSION = 1.0;
				PRODUCT_BUNDLE_IDENTIFIER = com.tracklocation.ios;
				PRODUCT_NAME = "$(TARGET_NAME)";
				SUPPORTED_PLATFORMS = "iphoneos iphonesimulator";
				SUPPORTS_MACCATALYST = NO;
				SUPPORTS_MAC_DESIGNED_FOR_IPHONE_IPAD = YES;
				SWIFT_EMIT_LOC_STRINGS = YES;
				SWIFT_VERSION = 5.0;
				TARGETED_DEVICE_FAMILY = "1,2";
			};
			name = Release;
		};
/* End XCBuildConfiguration section */

/* Begin XCConfigurationList section */
		26CB24DA2B8132A90018307B /* Build configuration list for PBXProject "TrackLocation" */ = {
			isa = XCConfigurationList;
			buildConfigurations = (
				26CB24F12B8132AB0018307B /* Debug */,
				26CB24F22B8132AB0018307B /* Release */,
			);
			defaultConfigurationIsVisible = 0;
			defaultConfigurationName = Release;
		};
		26CB24F32B8132AB0018307B /* Build configuration list for PBXNativeTarget "TrackLocation" */ = {
			isa = XCConfigurationList;
			buildConfigurations = (
				26CB24F42B8132AB0018307B /* Debug */,
				26CB24F52B8132AB0018307B /* Release */,
			);
			defaultConfigurationIsVisible = 0;
			defaultConfigurationName = Release;
		};
/* End XCConfigurationList section */

/* Begin XCRemoteSwiftPackageReference section */
		26D991862B829DD900161745 /* XCRemoteSwiftPackageReference "Swinject" */ = {
			isa = XCRemoteSwiftPackageReference;
			repositoryURL = "https://github.com/Swinject/Swinject";
			requirement = {
				kind = upToNextMajorVersion;
				minimumVersion = 2.8.4;
			};
		};
/* End XCRemoteSwiftPackageReference section */

/* Begin XCSwiftPackageProductDependency section */
		26D991872B829DD900161745 /* Swinject */ = {
			isa = XCSwiftPackageProductDependency;
			package = 26D991862B829DD900161745 /* XCRemoteSwiftPackageReference "Swinject" */;
			productName = Swinject;
		};
/* End XCSwiftPackageProductDependency section */
	};
	rootObject = 26CB24D72B8132A90018307B /* Project object */;
}
